// !$*UTF8*$!
{
	archiveVersion = 1;
	classes = {
	};
	objectVersion = 56;
	objects = {

/* Begin PBXBuildFile section */
		92AA58F929AB22860065617E /* Keyboard.swift in Sources */ = {isa = PBXBuildFile; fileRef = 92AA58F829AB22860065617E /* Keyboard.swift */; };
		92AA58FB29AB56CE0065617E /* Button.swift in Sources */ = {isa = PBXBuildFile; fileRef = 92AA58FA29AB56CE0065617E /* Button.swift */; };
		92AD698629A8CE250079B54B /* PaymentActivity.swift in Sources */ = {isa = PBXBuildFile; fileRef = 92AD698529A8CE250079B54B /* PaymentActivity.swift */; };
		92BD086F299E3E2300BAFEC7 /* FinanceManagementApp.swift in Sources */ = {isa = PBXBuildFile; fileRef = 92BD086E299E3E2300BAFEC7 /* FinanceManagementApp.swift */; };
		92BD0873299E3E2400BAFEC7 /* Assets.xcassets in Resources */ = {isa = PBXBuildFile; fileRef = 92BD0872299E3E2400BAFEC7 /* Assets.xcassets */; };
		92BD0876299E3E2400BAFEC7 /* Preview Assets.xcassets in Resources */ = {isa = PBXBuildFile; fileRef = 92BD0875299E3E2400BAFEC7 /* Preview Assets.xcassets */; };
		92BD0878299E3E2400BAFEC7 /* Persistence.swift in Sources */ = {isa = PBXBuildFile; fileRef = 92BD0877299E3E2400BAFEC7 /* Persistence.swift */; };
		92BD087B299E3E2400BAFEC7 /* FinanceManagement.xcdatamodeld in Sources */ = {isa = PBXBuildFile; fileRef = 92BD0879299E3E2400BAFEC7 /* FinanceManagement.xcdatamodeld */; };
		92BD0885299E3E2400BAFEC7 /* FinanceManagementTests.swift in Sources */ = {isa = PBXBuildFile; fileRef = 92BD0884299E3E2400BAFEC7 /* FinanceManagementTests.swift */; };
		92BD088F299E3E2400BAFEC7 /* FinanceManagementUITests.swift in Sources */ = {isa = PBXBuildFile; fileRef = 92BD088E299E3E2400BAFEC7 /* FinanceManagementUITests.swift */; };
		92BD0891299E3E2400BAFEC7 /* FinanceManagementUITestsLaunchTests.swift in Sources */ = {isa = PBXBuildFile; fileRef = 92BD0890299E3E2400BAFEC7 /* FinanceManagementUITestsLaunchTests.swift */; };
		92BD08A2299E530F00BAFEC7 /* PaymentActivityList.swift in Sources */ = {isa = PBXBuildFile; fileRef = 92BD08A1299E530F00BAFEC7 /* PaymentActivityList.swift */; };
		92BD08A4299E582B00BAFEC7 /* Row.swift in Sources */ = {isa = PBXBuildFile; fileRef = 92BD08A3299E582B00BAFEC7 /* Row.swift */; };
		92BD08A6299E5EB100BAFEC7 /* ContentView.swift in Sources */ = {isa = PBXBuildFile; fileRef = 92BD08A5299E5EB100BAFEC7 /* ContentView.swift */; };
		92BD08AC29A1AE8100BAFEC7 /* HeatMap.swift in Sources */ = {isa = PBXBuildFile; fileRef = 92BD08AB29A1AE8100BAFEC7 /* HeatMap.swift */; };
		92BD08AF29A36BCC00BAFEC7 /* Date.swift in Sources */ = {isa = PBXBuildFile; fileRef = 92BD08AE29A36BCC00BAFEC7 /* Date.swift */; };
		92BD08B229A6486700BAFEC7 /* Summation.swift in Sources */ = {isa = PBXBuildFile; fileRef = 92BD08B129A6486700BAFEC7 /* Summation.swift */; };
		92BD08B429A6492C00BAFEC7 /* Money.swift in Sources */ = {isa = PBXBuildFile; fileRef = 92BD08B329A6492C00BAFEC7 /* Money.swift */; };
		92BD08B729A6528A00BAFEC7 /* Color.swift in Sources */ = {isa = PBXBuildFile; fileRef = 92BD08B629A6528A00BAFEC7 /* Color.swift */; };
		92BD08B929A653CF00BAFEC7 /* CalendarMap.swift in Sources */ = {isa = PBXBuildFile; fileRef = 92BD08B829A653CF00BAFEC7 /* CalendarMap.swift */; };
		92BD08BF29A6548000BAFEC7 /* InboxHeader.swift in Sources */ = {isa = PBXBuildFile; fileRef = 92BD08BE29A6548000BAFEC7 /* InboxHeader.swift */; };
		92BD08C129A6590100BAFEC7 /* PaymentActivityEdit.swift in Sources */ = {isa = PBXBuildFile; fileRef = 92BD08C029A6590100BAFEC7 /* PaymentActivityEdit.swift */; };
		92DC64AB29A9CF3E00EE07C3 /* SectionTitle.swift in Sources */ = {isa = PBXBuildFile; fileRef = 92DC64AA29A9CF3E00EE07C3 /* SectionTitle.swift */; };
/* End PBXBuildFile section */

/* Begin PBXContainerItemProxy section */
		92BD0881299E3E2400BAFEC7 /* PBXContainerItemProxy */ = {
			isa = PBXContainerItemProxy;
			containerPortal = 92BD0863299E3E2300BAFEC7 /* Project object */;
			proxyType = 1;
			remoteGlobalIDString = 92BD086A299E3E2300BAFEC7;
			remoteInfo = FinanceManagement;
		};
		92BD088B299E3E2400BAFEC7 /* PBXContainerItemProxy */ = {
			isa = PBXContainerItemProxy;
			containerPortal = 92BD0863299E3E2300BAFEC7 /* Project object */;
			proxyType = 1;
			remoteGlobalIDString = 92BD086A299E3E2300BAFEC7;
			remoteInfo = FinanceManagement;
		};
/* End PBXContainerItemProxy section */

/* Begin PBXFileReference section */
		92AA58F829AB22860065617E /* Keyboard.swift */ = {isa = PBXFileReference; lastKnownFileType = sourcecode.swift; path = Keyboard.swift; sourceTree = "<group>"; };
		92AA58FA29AB56CE0065617E /* Button.swift */ = {isa = PBXFileReference; lastKnownFileType = sourcecode.swift; path = Button.swift; sourceTree = "<group>"; };
		92AD698529A8CE250079B54B /* PaymentActivity.swift */ = {isa = PBXFileReference; lastKnownFileType = sourcecode.swift; path = PaymentActivity.swift; sourceTree = "<group>"; };
		92BD086B299E3E2300BAFEC7 /* FinanceManagement.app */ = {isa = PBXFileReference; explicitFileType = wrapper.application; includeInIndex = 0; path = FinanceManagement.app; sourceTree = BUILT_PRODUCTS_DIR; };
		92BD086E299E3E2300BAFEC7 /* FinanceManagementApp.swift */ = {isa = PBXFileReference; lastKnownFileType = sourcecode.swift; path = FinanceManagementApp.swift; sourceTree = "<group>"; };
		92BD0872299E3E2400BAFEC7 /* Assets.xcassets */ = {isa = PBXFileReference; lastKnownFileType = folder.assetcatalog; path = Assets.xcassets; sourceTree = "<group>"; };
		92BD0875299E3E2400BAFEC7 /* Preview Assets.xcassets */ = {isa = PBXFileReference; lastKnownFileType = folder.assetcatalog; path = "Preview Assets.xcassets"; sourceTree = "<group>"; };
		92BD0877299E3E2400BAFEC7 /* Persistence.swift */ = {isa = PBXFileReference; lastKnownFileType = sourcecode.swift; path = Persistence.swift; sourceTree = "<group>"; };
		92BD087A299E3E2400BAFEC7 /* FinanceManagement.xcdatamodel */ = {isa = PBXFileReference; lastKnownFileType = wrapper.xcdatamodel; path = FinanceManagement.xcdatamodel; sourceTree = "<group>"; };
		92BD0880299E3E2400BAFEC7 /* FinanceManagementTests.xctest */ = {isa = PBXFileReference; explicitFileType = wrapper.cfbundle; includeInIndex = 0; path = FinanceManagementTests.xctest; sourceTree = BUILT_PRODUCTS_DIR; };
		92BD0884299E3E2400BAFEC7 /* FinanceManagementTests.swift */ = {isa = PBXFileReference; lastKnownFileType = sourcecode.swift; path = FinanceManagementTests.swift; sourceTree = "<group>"; };
		92BD088A299E3E2400BAFEC7 /* FinanceManagementUITests.xctest */ = {isa = PBXFileReference; explicitFileType = wrapper.cfbundle; includeInIndex = 0; path = FinanceManagementUITests.xctest; sourceTree = BUILT_PRODUCTS_DIR; };
		92BD088E299E3E2400BAFEC7 /* FinanceManagementUITests.swift */ = {isa = PBXFileReference; lastKnownFileType = sourcecode.swift; path = FinanceManagementUITests.swift; sourceTree = "<group>"; };
		92BD0890299E3E2400BAFEC7 /* FinanceManagementUITestsLaunchTests.swift */ = {isa = PBXFileReference; lastKnownFileType = sourcecode.swift; path = FinanceManagementUITestsLaunchTests.swift; sourceTree = "<group>"; };
		92BD08A1299E530F00BAFEC7 /* PaymentActivityList.swift */ = {isa = PBXFileReference; lastKnownFileType = sourcecode.swift; path = PaymentActivityList.swift; sourceTree = "<group>"; };
		92BD08A3299E582B00BAFEC7 /* Row.swift */ = {isa = PBXFileReference; lastKnownFileType = sourcecode.swift; path = Row.swift; sourceTree = "<group>"; };
		92BD08A5299E5EB100BAFEC7 /* ContentView.swift */ = {isa = PBXFileReference; lastKnownFileType = sourcecode.swift; path = ContentView.swift; sourceTree = "<group>"; };
		92BD08AB29A1AE8100BAFEC7 /* HeatMap.swift */ = {isa = PBXFileReference; lastKnownFileType = sourcecode.swift; path = HeatMap.swift; sourceTree = "<group>"; };
		92BD08AE29A36BCC00BAFEC7 /* Date.swift */ = {isa = PBXFileReference; lastKnownFileType = sourcecode.swift; path = Date.swift; sourceTree = "<group>"; };
		92BD08B129A6486700BAFEC7 /* Summation.swift */ = {isa = PBXFileReference; lastKnownFileType = sourcecode.swift; path = Summation.swift; sourceTree = "<group>"; };
		92BD08B329A6492C00BAFEC7 /* Money.swift */ = {isa = PBXFileReference; lastKnownFileType = sourcecode.swift; path = Money.swift; sourceTree = "<group>"; };
		92BD08B629A6528A00BAFEC7 /* Color.swift */ = {isa = PBXFileReference; lastKnownFileType = sourcecode.swift; path = Color.swift; sourceTree = "<group>"; };
		92BD08B829A653CF00BAFEC7 /* CalendarMap.swift */ = {isa = PBXFileReference; lastKnownFileType = sourcecode.swift; path = CalendarMap.swift; sourceTree = "<group>"; };
		92BD08BE29A6548000BAFEC7 /* InboxHeader.swift */ = {isa = PBXFileReference; lastKnownFileType = sourcecode.swift; path = InboxHeader.swift; sourceTree = "<group>"; };
		92BD08C029A6590100BAFEC7 /* PaymentActivityEdit.swift */ = {isa = PBXFileReference; lastKnownFileType = sourcecode.swift; path = PaymentActivityEdit.swift; sourceTree = "<group>"; };
		92DC64AA29A9CF3E00EE07C3 /* SectionTitle.swift */ = {isa = PBXFileReference; lastKnownFileType = sourcecode.swift; path = SectionTitle.swift; sourceTree = "<group>"; };
/* End PBXFileReference section */

/* Begin PBXFrameworksBuildPhase section */
		92BD0868299E3E2300BAFEC7 /* Frameworks */ = {
			isa = PBXFrameworksBuildPhase;
			buildActionMask = 2147483647;
			files = (
			);
			runOnlyForDeploymentPostprocessing = 0;
		};
		92BD087D299E3E2400BAFEC7 /* Frameworks */ = {
			isa = PBXFrameworksBuildPhase;
			buildActionMask = 2147483647;
			files = (
			);
			runOnlyForDeploymentPostprocessing = 0;
		};
		92BD0887299E3E2400BAFEC7 /* Frameworks */ = {
			isa = PBXFrameworksBuildPhase;
			buildActionMask = 2147483647;
			files = (
			);
			runOnlyForDeploymentPostprocessing = 0;
		};
/* End PBXFrameworksBuildPhase section */

/* Begin PBXGroup section */
		92BD0862299E3E2300BAFEC7 = {
			isa = PBXGroup;
			children = (
				92BD086D299E3E2300BAFEC7 /* FinanceManagement */,
				92BD0883299E3E2400BAFEC7 /* FinanceManagementTests */,
				92BD088D299E3E2400BAFEC7 /* FinanceManagementUITests */,
				92BD086C299E3E2300BAFEC7 /* Products */,
			);
			sourceTree = "<group>";
		};
		92BD086C299E3E2300BAFEC7 /* Products */ = {
			isa = PBXGroup;
			children = (
				92BD086B299E3E2300BAFEC7 /* FinanceManagement.app */,
				92BD0880299E3E2400BAFEC7 /* FinanceManagementTests.xctest */,
				92BD088A299E3E2400BAFEC7 /* FinanceManagementUITests.xctest */,
			);
			name = Products;
			sourceTree = "<group>";
		};
		92BD086D299E3E2300BAFEC7 /* FinanceManagement */ = {
			isa = PBXGroup;
			children = (
				92BD08B529A6527500BAFEC7 /* Type */,
				92BD08AD29A36BBB00BAFEC7 /* Extension */,
				92E77C9B29A89470009E378C /* Model */,
				92BD089D299E419800BAFEC7 /* View */,
				92BD086E299E3E2300BAFEC7 /* FinanceManagementApp.swift */,
				92BD0872299E3E2400BAFEC7 /* Assets.xcassets */,
				92BD0879299E3E2400BAFEC7 /* FinanceManagement.xcdatamodeld */,
				92BD0874299E3E2400BAFEC7 /* Preview Content */,
			);
			path = FinanceManagement;
			sourceTree = "<group>";
		};
		92BD0874299E3E2400BAFEC7 /* Preview Content */ = {
			isa = PBXGroup;
			children = (
				92BD0875299E3E2400BAFEC7 /* Preview Assets.xcassets */,
			);
			path = "Preview Content";
			sourceTree = "<group>";
		};
		92BD0883299E3E2400BAFEC7 /* FinanceManagementTests */ = {
			isa = PBXGroup;
			children = (
				92BD0884299E3E2400BAFEC7 /* FinanceManagementTests.swift */,
			);
			path = FinanceManagementTests;
			sourceTree = "<group>";
		};
		92BD088D299E3E2400BAFEC7 /* FinanceManagementUITests */ = {
			isa = PBXGroup;
			children = (
				92BD088E299E3E2400BAFEC7 /* FinanceManagementUITests.swift */,
				92BD0890299E3E2400BAFEC7 /* FinanceManagementUITestsLaunchTests.swift */,
			);
			path = FinanceManagementUITests;
			sourceTree = "<group>";
		};
		92BD089D299E419800BAFEC7 /* View */ = {
			isa = PBXGroup;
			children = (
				92DC64A929A9CF2500EE07C3 /* Common */,
				92BD08BD29A6546E00BAFEC7 /* InboxHeader */,
				92BD08B029A647A700BAFEC7 /* CalendarMap */,
				92DC64A729A9C6BA00EE07C3 /* PaymentActivityList */,
				92DC64A829A9C6FF00EE07C3 /* PaymentActivityEdit */,
				92BD08A5299E5EB100BAFEC7 /* ContentView.swift */,
			);
			path = View;
			sourceTree = "<group>";
		};
		92BD08AD29A36BBB00BAFEC7 /* Extension */ = {
			isa = PBXGroup;
			children = (
				92BD08AE29A36BCC00BAFEC7 /* Date.swift */,
				92BD08B329A6492C00BAFEC7 /* Money.swift */,
				92AA58FA29AB56CE0065617E /* Button.swift */,
			);
			path = Extension;
			sourceTree = "<group>";
		};
		92BD08B029A647A700BAFEC7 /* CalendarMap */ = {
			isa = PBXGroup;
			children = (
				92BD08AB29A1AE8100BAFEC7 /* HeatMap.swift */,
				92BD08B129A6486700BAFEC7 /* Summation.swift */,
				92BD08B829A653CF00BAFEC7 /* CalendarMap.swift */,
			);
			path = CalendarMap;
			sourceTree = "<group>";
		};
		92BD08B529A6527500BAFEC7 /* Type */ = {
			isa = PBXGroup;
			children = (
				92BD08B629A6528A00BAFEC7 /* Color.swift */,
			);
			path = Type;
			sourceTree = "<group>";
		};
		92BD08BD29A6546E00BAFEC7 /* InboxHeader */ = {
			isa = PBXGroup;
			children = (
				92BD08BE29A6548000BAFEC7 /* InboxHeader.swift */,
			);
			path = InboxHeader;
			sourceTree = "<group>";
		};
		92DC64A729A9C6BA00EE07C3 /* PaymentActivityList */ = {
			isa = PBXGroup;
			children = (
				92BD08A1299E530F00BAFEC7 /* PaymentActivityList.swift */,
				92BD08A3299E582B00BAFEC7 /* Row.swift */,
			);
			path = PaymentActivityList;
			sourceTree = "<group>";
		};
		92DC64A829A9C6FF00EE07C3 /* PaymentActivityEdit */ = {
			isa = PBXGroup;
			children = (
				92BD08C029A6590100BAFEC7 /* PaymentActivityEdit.swift */,
				92AA58F829AB22860065617E /* Keyboard.swift */,
			);
			path = PaymentActivityEdit;
			sourceTree = "<group>";
		};
		92DC64A929A9CF2500EE07C3 /* Common */ = {
			isa = PBXGroup;
			children = (
				92DC64AA29A9CF3E00EE07C3 /* SectionTitle.swift */,
			);
			path = Common;
			sourceTree = "<group>";
		};
		92E77C9B29A89470009E378C /* Model */ = {
			isa = PBXGroup;
			children = (
				92AD698529A8CE250079B54B /* PaymentActivity.swift */,
				92BD0877299E3E2400BAFEC7 /* Persistence.swift */,
			);
			path = Model;
			sourceTree = "<group>";
		};
/* End PBXGroup section */

/* Begin PBXNativeTarget section */
		92BD086A299E3E2300BAFEC7 /* FinanceManagement */ = {
			isa = PBXNativeTarget;
			buildConfigurationList = 92BD0894299E3E2400BAFEC7 /* Build configuration list for PBXNativeTarget "FinanceManagement" */;
			buildPhases = (
				92BD0867299E3E2300BAFEC7 /* Sources */,
				92BD0868299E3E2300BAFEC7 /* Frameworks */,
				92BD0869299E3E2300BAFEC7 /* Resources */,
			);
			buildRules = (
			);
			dependencies = (
			);
			name = FinanceManagement;
			productName = FinanceManagement;
			productReference = 92BD086B299E3E2300BAFEC7 /* FinanceManagement.app */;
			productType = "com.apple.product-type.application";
		};
		92BD087F299E3E2400BAFEC7 /* FinanceManagementTests */ = {
			isa = PBXNativeTarget;
			buildConfigurationList = 92BD0897299E3E2400BAFEC7 /* Build configuration list for PBXNativeTarget "FinanceManagementTests" */;
			buildPhases = (
				92BD087C299E3E2400BAFEC7 /* Sources */,
				92BD087D299E3E2400BAFEC7 /* Frameworks */,
				92BD087E299E3E2400BAFEC7 /* Resources */,
			);
			buildRules = (
			);
			dependencies = (
				92BD0882299E3E2400BAFEC7 /* PBXTargetDependency */,
			);
			name = FinanceManagementTests;
			productName = FinanceManagementTests;
			productReference = 92BD0880299E3E2400BAFEC7 /* FinanceManagementTests.xctest */;
			productType = "com.apple.product-type.bundle.unit-test";
		};
		92BD0889299E3E2400BAFEC7 /* FinanceManagementUITests */ = {
			isa = PBXNativeTarget;
			buildConfigurationList = 92BD089A299E3E2400BAFEC7 /* Build configuration list for PBXNativeTarget "FinanceManagementUITests" */;
			buildPhases = (
				92BD0886299E3E2400BAFEC7 /* Sources */,
				92BD0887299E3E2400BAFEC7 /* Frameworks */,
				92BD0888299E3E2400BAFEC7 /* Resources */,
			);
			buildRules = (
			);
			dependencies = (
				92BD088C299E3E2400BAFEC7 /* PBXTargetDependency */,
			);
			name = FinanceManagementUITests;
			productName = FinanceManagementUITests;
			productReference = 92BD088A299E3E2400BAFEC7 /* FinanceManagementUITests.xctest */;
			productType = "com.apple.product-type.bundle.ui-testing";
		};
/* End PBXNativeTarget section */

/* Begin PBXProject section */
		92BD0863299E3E2300BAFEC7 /* Project object */ = {
			isa = PBXProject;
			attributes = {
				BuildIndependentTargetsInParallel = 1;
				LastSwiftUpdateCheck = 1420;
				LastUpgradeCheck = 1420;
				TargetAttributes = {
					92BD086A299E3E2300BAFEC7 = {
						CreatedOnToolsVersion = 14.2;
					};
					92BD087F299E3E2400BAFEC7 = {
						CreatedOnToolsVersion = 14.2;
						TestTargetID = 92BD086A299E3E2300BAFEC7;
					};
					92BD0889299E3E2400BAFEC7 = {
						CreatedOnToolsVersion = 14.2;
						TestTargetID = 92BD086A299E3E2300BAFEC7;
					};
				};
			};
			buildConfigurationList = 92BD0866299E3E2300BAFEC7 /* Build configuration list for PBXProject "FinanceManagement" */;
			compatibilityVersion = "Xcode 14.0";
			developmentRegion = en;
			hasScannedForEncodings = 0;
			knownRegions = (
				en,
				Base,
			);
			mainGroup = 92BD0862299E3E2300BAFEC7;
			productRefGroup = 92BD086C299E3E2300BAFEC7 /* Products */;
			projectDirPath = "";
			projectRoot = "";
			targets = (
				92BD086A299E3E2300BAFEC7 /* FinanceManagement */,
				92BD087F299E3E2400BAFEC7 /* FinanceManagementTests */,
				92BD0889299E3E2400BAFEC7 /* FinanceManagementUITests */,
			);
		};
/* End PBXProject section */

/* Begin PBXResourcesBuildPhase section */
		92BD0869299E3E2300BAFEC7 /* Resources */ = {
			isa = PBXResourcesBuildPhase;
			buildActionMask = 2147483647;
			files = (
				92BD0876299E3E2400BAFEC7 /* Preview Assets.xcassets in Resources */,
				92BD0873299E3E2400BAFEC7 /* Assets.xcassets in Resources */,
			);
			runOnlyForDeploymentPostprocessing = 0;
		};
		92BD087E299E3E2400BAFEC7 /* Resources */ = {
			isa = PBXResourcesBuildPhase;
			buildActionMask = 2147483647;
			files = (
			);
			runOnlyForDeploymentPostprocessing = 0;
		};
		92BD0888299E3E2400BAFEC7 /* Resources */ = {
			isa = PBXResourcesBuildPhase;
			buildActionMask = 2147483647;
			files = (
			);
			runOnlyForDeploymentPostprocessing = 0;
		};
/* End PBXResourcesBuildPhase section */

/* Begin PBXSourcesBuildPhase section */
		92BD0867299E3E2300BAFEC7 /* Sources */ = {
			isa = PBXSourcesBuildPhase;
			buildActionMask = 2147483647;
			files = (
				92BD0878299E3E2400BAFEC7 /* Persistence.swift in Sources */,
				92BD08B429A6492C00BAFEC7 /* Money.swift in Sources */,
				92AD698629A8CE250079B54B /* PaymentActivity.swift in Sources */,
				92BD08A6299E5EB100BAFEC7 /* ContentView.swift in Sources */,
				92DC64AB29A9CF3E00EE07C3 /* SectionTitle.swift in Sources */,
				92BD08BF29A6548000BAFEC7 /* InboxHeader.swift in Sources */,
				92BD08C129A6590100BAFEC7 /* PaymentActivityEdit.swift in Sources */,
				92AA58FB29AB56CE0065617E /* Button.swift in Sources */,
				92BD086F299E3E2300BAFEC7 /* FinanceManagementApp.swift in Sources */,
				92BD08B929A653CF00BAFEC7 /* CalendarMap.swift in Sources */,
				92BD08AC29A1AE8100BAFEC7 /* HeatMap.swift in Sources */,
				92BD087B299E3E2400BAFEC7 /* FinanceManagement.xcdatamodeld in Sources */,
				92BD08B229A6486700BAFEC7 /* Summation.swift in Sources */,
				92BD08B729A6528A00BAFEC7 /* Color.swift in Sources */,
				92AA58F929AB22860065617E /* Keyboard.swift in Sources */,
				92BD08A2299E530F00BAFEC7 /* PaymentActivityList.swift in Sources */,
				92BD08AF29A36BCC00BAFEC7 /* Date.swift in Sources */,
				92BD08A4299E582B00BAFEC7 /* Row.swift in Sources */,
			);
			runOnlyForDeploymentPostprocessing = 0;
		};
		92BD087C299E3E2400BAFEC7 /* Sources */ = {
			isa = PBXSourcesBuildPhase;
			buildActionMask = 2147483647;
			files = (
				92BD0885299E3E2400BAFEC7 /* FinanceManagementTests.swift in Sources */,
			);
			runOnlyForDeploymentPostprocessing = 0;
		};
		92BD0886299E3E2400BAFEC7 /* Sources */ = {
			isa = PBXSourcesBuildPhase;
			buildActionMask = 2147483647;
			files = (
				92BD0891299E3E2400BAFEC7 /* FinanceManagementUITestsLaunchTests.swift in Sources */,
				92BD088F299E3E2400BAFEC7 /* FinanceManagementUITests.swift in Sources */,
			);
			runOnlyForDeploymentPostprocessing = 0;
		};
/* End PBXSourcesBuildPhase section */

/* Begin PBXTargetDependency section */
		92BD0882299E3E2400BAFEC7 /* PBXTargetDependency */ = {
			isa = PBXTargetDependency;
			target = 92BD086A299E3E2300BAFEC7 /* FinanceManagement */;
			targetProxy = 92BD0881299E3E2400BAFEC7 /* PBXContainerItemProxy */;
		};
		92BD088C299E3E2400BAFEC7 /* PBXTargetDependency */ = {
			isa = PBXTargetDependency;
			target = 92BD086A299E3E2300BAFEC7 /* FinanceManagement */;
			targetProxy = 92BD088B299E3E2400BAFEC7 /* PBXContainerItemProxy */;
		};
/* End PBXTargetDependency section */

/* Begin XCBuildConfiguration section */
		92BD0892299E3E2400BAFEC7 /* Debug */ = {
			isa = XCBuildConfiguration;
			buildSettings = {
				ALWAYS_SEARCH_USER_PATHS = NO;
				CLANG_ANALYZER_NONNULL = YES;
				CLANG_ANALYZER_NUMBER_OBJECT_CONVERSION = YES_AGGRESSIVE;
				CLANG_CXX_LANGUAGE_STANDARD = "gnu++20";
				CLANG_ENABLE_MODULES = YES;
				CLANG_ENABLE_OBJC_ARC = YES;
				CLANG_ENABLE_OBJC_WEAK = YES;
				CLANG_WARN_BLOCK_CAPTURE_AUTORELEASING = YES;
				CLANG_WARN_BOOL_CONVERSION = YES;
				CLANG_WARN_COMMA = YES;
				CLANG_WARN_CONSTANT_CONVERSION = YES;
				CLANG_WARN_DEPRECATED_OBJC_IMPLEMENTATIONS = YES;
				CLANG_WARN_DIRECT_OBJC_ISA_USAGE = YES_ERROR;
				CLANG_WARN_DOCUMENTATION_COMMENTS = YES;
				CLANG_WARN_EMPTY_BODY = YES;
				CLANG_WARN_ENUM_CONVERSION = YES;
				CLANG_WARN_INFINITE_RECURSION = YES;
				CLANG_WARN_INT_CONVERSION = YES;
				CLANG_WARN_NON_LITERAL_NULL_CONVERSION = YES;
				CLANG_WARN_OBJC_IMPLICIT_RETAIN_SELF = YES;
				CLANG_WARN_OBJC_LITERAL_CONVERSION = YES;
				CLANG_WARN_OBJC_ROOT_CLASS = YES_ERROR;
				CLANG_WARN_QUOTED_INCLUDE_IN_FRAMEWORK_HEADER = YES;
				CLANG_WARN_RANGE_LOOP_ANALYSIS = YES;
				CLANG_WARN_STRICT_PROTOTYPES = YES;
				CLANG_WARN_SUSPICIOUS_MOVE = YES;
				CLANG_WARN_UNGUARDED_AVAILABILITY = YES_AGGRESSIVE;
				CLANG_WARN_UNREACHABLE_CODE = YES;
				CLANG_WARN__DUPLICATE_METHOD_MATCH = YES;
				COPY_PHASE_STRIP = NO;
				DEBUG_INFORMATION_FORMAT = dwarf;
				ENABLE_STRICT_OBJC_MSGSEND = YES;
				ENABLE_TESTABILITY = YES;
				GCC_C_LANGUAGE_STANDARD = gnu11;
				GCC_DYNAMIC_NO_PIC = NO;
				GCC_NO_COMMON_BLOCKS = YES;
				GCC_OPTIMIZATION_LEVEL = 0;
				GCC_PREPROCESSOR_DEFINITIONS = (
					"DEBUG=1",
					"$(inherited)",
				);
				GCC_WARN_64_TO_32_BIT_CONVERSION = YES;
				GCC_WARN_ABOUT_RETURN_TYPE = YES_ERROR;
				GCC_WARN_UNDECLARED_SELECTOR = YES;
				GCC_WARN_UNINITIALIZED_AUTOS = YES_AGGRESSIVE;
				GCC_WARN_UNUSED_FUNCTION = YES;
				GCC_WARN_UNUSED_VARIABLE = YES;
				IPHONEOS_DEPLOYMENT_TARGET = 16.2;
				MTL_ENABLE_DEBUG_INFO = INCLUDE_SOURCE;
				MTL_FAST_MATH = YES;
				ONLY_ACTIVE_ARCH = YES;
				SDKROOT = iphoneos;
				SWIFT_ACTIVE_COMPILATION_CONDITIONS = DEBUG;
				SWIFT_OPTIMIZATION_LEVEL = "-Onone";
			};
			name = Debug;
		};
		92BD0893299E3E2400BAFEC7 /* Release */ = {
			isa = XCBuildConfiguration;
			buildSettings = {
				ALWAYS_SEARCH_USER_PATHS = NO;
				CLANG_ANALYZER_NONNULL = YES;
				CLANG_ANALYZER_NUMBER_OBJECT_CONVERSION = YES_AGGRESSIVE;
				CLANG_CXX_LANGUAGE_STANDARD = "gnu++20";
				CLANG_ENABLE_MODULES = YES;
				CLANG_ENABLE_OBJC_ARC = YES;
				CLANG_ENABLE_OBJC_WEAK = YES;
				CLANG_WARN_BLOCK_CAPTURE_AUTORELEASING = YES;
				CLANG_WARN_BOOL_CONVERSION = YES;
				CLANG_WARN_COMMA = YES;
				CLANG_WARN_CONSTANT_CONVERSION = YES;
				CLANG_WARN_DEPRECATED_OBJC_IMPLEMENTATIONS = YES;
				CLANG_WARN_DIRECT_OBJC_ISA_USAGE = YES_ERROR;
				CLANG_WARN_DOCUMENTATION_COMMENTS = YES;
				CLANG_WARN_EMPTY_BODY = YES;
				CLANG_WARN_ENUM_CONVERSION = YES;
				CLANG_WARN_INFINITE_RECURSION = YES;
				CLANG_WARN_INT_CONVERSION = YES;
				CLANG_WARN_NON_LITERAL_NULL_CONVERSION = YES;
				CLANG_WARN_OBJC_IMPLICIT_RETAIN_SELF = YES;
				CLANG_WARN_OBJC_LITERAL_CONVERSION = YES;
				CLANG_WARN_OBJC_ROOT_CLASS = YES_ERROR;
				CLANG_WARN_QUOTED_INCLUDE_IN_FRAMEWORK_HEADER = YES;
				CLANG_WARN_RANGE_LOOP_ANALYSIS = YES;
				CLANG_WARN_STRICT_PROTOTYPES = YES;
				CLANG_WARN_SUSPICIOUS_MOVE = YES;
				CLANG_WARN_UNGUARDED_AVAILABILITY = YES_AGGRESSIVE;
				CLANG_WARN_UNREACHABLE_CODE = YES;
				CLANG_WARN__DUPLICATE_METHOD_MATCH = YES;
				COPY_PHASE_STRIP = NO;
				DEBUG_INFORMATION_FORMAT = "dwarf-with-dsym";
				ENABLE_NS_ASSERTIONS = NO;
				ENABLE_STRICT_OBJC_MSGSEND = YES;
				GCC_C_LANGUAGE_STANDARD = gnu11;
				GCC_NO_COMMON_BLOCKS = YES;
				GCC_WARN_64_TO_32_BIT_CONVERSION = YES;
				GCC_WARN_ABOUT_RETURN_TYPE = YES_ERROR;
				GCC_WARN_UNDECLARED_SELECTOR = YES;
				GCC_WARN_UNINITIALIZED_AUTOS = YES_AGGRESSIVE;
				GCC_WARN_UNUSED_FUNCTION = YES;
				GCC_WARN_UNUSED_VARIABLE = YES;
				IPHONEOS_DEPLOYMENT_TARGET = 16.2;
				MTL_ENABLE_DEBUG_INFO = NO;
				MTL_FAST_MATH = YES;
				SDKROOT = iphoneos;
				SWIFT_COMPILATION_MODE = wholemodule;
				SWIFT_OPTIMIZATION_LEVEL = "-O";
				VALIDATE_PRODUCT = YES;
			};
			name = Release;
		};
		92BD0895299E3E2400BAFEC7 /* Debug */ = {
			isa = XCBuildConfiguration;
			buildSettings = {
				ASSETCATALOG_COMPILER_APPICON_NAME = AppIcon;
				ASSETCATALOG_COMPILER_GLOBAL_ACCENT_COLOR_NAME = AccentColor;
				CODE_SIGN_STYLE = Automatic;
				CURRENT_PROJECT_VERSION = 1;
				DEVELOPMENT_ASSET_PATHS = "\"FinanceManagement/Preview Content\"";
				DEVELOPMENT_TEAM = DBRF523P7M;
				ENABLE_PREVIEWS = YES;
				GENERATE_INFOPLIST_FILE = YES;
				INFOPLIST_KEY_UIApplicationSceneManifest_Generation = YES;
				INFOPLIST_KEY_UIApplicationSupportsIndirectInputEvents = YES;
				INFOPLIST_KEY_UILaunchScreen_Generation = YES;
				INFOPLIST_KEY_UISupportedInterfaceOrientations_iPad = "UIInterfaceOrientationPortrait UIInterfaceOrientationPortraitUpsideDown UIInterfaceOrientationLandscapeLeft UIInterfaceOrientationLandscapeRight";
				INFOPLIST_KEY_UISupportedInterfaceOrientations_iPhone = "UIInterfaceOrientationPortrait UIInterfaceOrientationLandscapeLeft UIInterfaceOrientationLandscapeRight";
				LD_RUNPATH_SEARCH_PATHS = (
					"$(inherited)",
					"@executable_path/Frameworks",
				);
				MARKETING_VERSION = 1.0;
				PRODUCT_BUNDLE_IDENTIFIER = atri.FinanceManagement;
				PRODUCT_NAME = "$(TARGET_NAME)";
				SWIFT_EMIT_LOC_STRINGS = YES;
				SWIFT_VERSION = 5.0;
				TARGETED_DEVICE_FAMILY = "1,2";
			};
			name = Debug;
		};
		92BD0896299E3E2400BAFEC7 /* Release */ = {
			isa = XCBuildConfiguration;
			buildSettings = {
				ASSETCATALOG_COMPILER_APPICON_NAME = AppIcon;
				ASSETCATALOG_COMPILER_GLOBAL_ACCENT_COLOR_NAME = AccentColor;
				CODE_SIGN_STYLE = Automatic;
				CURRENT_PROJECT_VERSION = 1;
				DEVELOPMENT_ASSET_PATHS = "\"FinanceManagement/Preview Content\"";
				DEVELOPMENT_TEAM = DBRF523P7M;
				ENABLE_PREVIEWS = YES;
				GENERATE_INFOPLIST_FILE = YES;
				INFOPLIST_KEY_UIApplicationSceneManifest_Generation = YES;
				INFOPLIST_KEY_UIApplicationSupportsIndirectInputEvents = YES;
				INFOPLIST_KEY_UILaunchScreen_Generation = YES;
				INFOPLIST_KEY_UISupportedInterfaceOrientations_iPad = "UIInterfaceOrientationPortrait UIInterfaceOrientationPortraitUpsideDown UIInterfaceOrientationLandscapeLeft UIInterfaceOrientationLandscapeRight";
				INFOPLIST_KEY_UISupportedInterfaceOrientations_iPhone = "UIInterfaceOrientationPortrait UIInterfaceOrientationLandscapeLeft UIInterfaceOrientationLandscapeRight";
				LD_RUNPATH_SEARCH_PATHS = (
					"$(inherited)",
					"@executable_path/Frameworks",
				);
				MARKETING_VERSION = 1.0;
				PRODUCT_BUNDLE_IDENTIFIER = atri.FinanceManagement;
				PRODUCT_NAME = "$(TARGET_NAME)";
				SWIFT_EMIT_LOC_STRINGS = YES;
				SWIFT_VERSION = 5.0;
				TARGETED_DEVICE_FAMILY = "1,2";
			};
			name = Release;
		};
		92BD0898299E3E2400BAFEC7 /* Debug */ = {
			isa = XCBuildConfiguration;
			buildSettings = {
				ALWAYS_EMBED_SWIFT_STANDARD_LIBRARIES = YES;
				BUNDLE_LOADER = "$(TEST_HOST)";
				CODE_SIGN_STYLE = Automatic;
				CURRENT_PROJECT_VERSION = 1;
				DEVELOPMENT_TEAM = DBRF523P7M;
				GENERATE_INFOPLIST_FILE = YES;
				IPHONEOS_DEPLOYMENT_TARGET = 16.2;
				MARKETING_VERSION = 1.0;
				PRODUCT_BUNDLE_IDENTIFIER = atri.FinanceManagementTests;
				PRODUCT_NAME = "$(TARGET_NAME)";
				SWIFT_EMIT_LOC_STRINGS = NO;
				SWIFT_VERSION = 5.0;
				TARGETED_DEVICE_FAMILY = "1,2";
				TEST_HOST = "$(BUILT_PRODUCTS_DIR)/FinanceManagement.app/$(BUNDLE_EXECUTABLE_FOLDER_PATH)/FinanceManagement";
			};
			name = Debug;
		};
		92BD0899299E3E2400BAFEC7 /* Release */ = {
			isa = XCBuildConfiguration;
			buildSettings = {
				ALWAYS_EMBED_SWIFT_STANDARD_LIBRARIES = YES;
				BUNDLE_LOADER = "$(TEST_HOST)";
				CODE_SIGN_STYLE = Automatic;
				CURRENT_PROJECT_VERSION = 1;
				DEVELOPMENT_TEAM = DBRF523P7M;
				GENERATE_INFOPLIST_FILE = YES;
				IPHONEOS_DEPLOYMENT_TARGET = 16.2;
				MARKETING_VERSION = 1.0;
				PRODUCT_BUNDLE_IDENTIFIER = atri.FinanceManagementTests;
				PRODUCT_NAME = "$(TARGET_NAME)";
				SWIFT_EMIT_LOC_STRINGS = NO;
				SWIFT_VERSION = 5.0;
				TARGETED_DEVICE_FAMILY = "1,2";
				TEST_HOST = "$(BUILT_PRODUCTS_DIR)/FinanceManagement.app/$(BUNDLE_EXECUTABLE_FOLDER_PATH)/FinanceManagement";
			};
			name = Release;
		};
		92BD089B299E3E2400BAFEC7 /* Debug */ = {
			isa = XCBuildConfiguration;
			buildSettings = {
				ALWAYS_EMBED_SWIFT_STANDARD_LIBRARIES = YES;
				CODE_SIGN_STYLE = Automatic;
				CURRENT_PROJECT_VERSION = 1;
				DEVELOPMENT_TEAM = DBRF523P7M;
				GENERATE_INFOPLIST_FILE = YES;
				MARKETING_VERSION = 1.0;
				PRODUCT_BUNDLE_IDENTIFIER = atri.FinanceManagementUITests;
				PRODUCT_NAME = "$(TARGET_NAME)";
				SWIFT_EMIT_LOC_STRINGS = NO;
				SWIFT_VERSION = 5.0;
				TARGETED_DEVICE_FAMILY = "1,2";
				TEST_TARGET_NAME = FinanceManagement;
			};
			name = Debug;
		};
		92BD089C299E3E2400BAFEC7 /* Release */ = {
			isa = XCBuildConfiguration;
			buildSettings = {
				ALWAYS_EMBED_SWIFT_STANDARD_LIBRARIES = YES;
				CODE_SIGN_STYLE = Automatic;
				CURRENT_PROJECT_VERSION = 1;
				DEVELOPMENT_TEAM = DBRF523P7M;
				GENERATE_INFOPLIST_FILE = YES;
				MARKETING_VERSION = 1.0;
				PRODUCT_BUNDLE_IDENTIFIER = atri.FinanceManagementUITests;
				PRODUCT_NAME = "$(TARGET_NAME)";
				SWIFT_EMIT_LOC_STRINGS = NO;
				SWIFT_VERSION = 5.0;
				TARGETED_DEVICE_FAMILY = "1,2";
				TEST_TARGET_NAME = FinanceManagement;
			};
			name = Release;
		};
/* End XCBuildConfiguration section */

/* Begin XCConfigurationList section */
		92BD0866299E3E2300BAFEC7 /* Build configuration list for PBXProject "FinanceManagement" */ = {
			isa = XCConfigurationList;
			buildConfigurations = (
				92BD0892299E3E2400BAFEC7 /* Debug */,
				92BD0893299E3E2400BAFEC7 /* Release */,
			);
			defaultConfigurationIsVisible = 0;
			defaultConfigurationName = Release;
		};
		92BD0894299E3E2400BAFEC7 /* Build configuration list for PBXNativeTarget "FinanceManagement" */ = {
			isa = XCConfigurationList;
			buildConfigurations = (
				92BD0895299E3E2400BAFEC7 /* Debug */,
				92BD0896299E3E2400BAFEC7 /* Release */,
			);
			defaultConfigurationIsVisible = 0;
			defaultConfigurationName = Release;
		};
		92BD0897299E3E2400BAFEC7 /* Build configuration list for PBXNativeTarget "FinanceManagementTests" */ = {
			isa = XCConfigurationList;
			buildConfigurations = (
				92BD0898299E3E2400BAFEC7 /* Debug */,
				92BD0899299E3E2400BAFEC7 /* Release */,
			);
			defaultConfigurationIsVisible = 0;
			defaultConfigurationName = Release;
		};
		92BD089A299E3E2400BAFEC7 /* Build configuration list for PBXNativeTarget "FinanceManagementUITests" */ = {
			isa = XCConfigurationList;
			buildConfigurations = (
				92BD089B299E3E2400BAFEC7 /* Debug */,
				92BD089C299E3E2400BAFEC7 /* Release */,
			);
			defaultConfigurationIsVisible = 0;
			defaultConfigurationName = Release;
		};
/* End XCConfigurationList section */

/* Begin XCVersionGroup section */
		92BD0879299E3E2400BAFEC7 /* FinanceManagement.xcdatamodeld */ = {
			isa = XCVersionGroup;
			children = (
				92BD087A299E3E2400BAFEC7 /* FinanceManagement.xcdatamodel */,
			);
			currentVersion = 92BD087A299E3E2400BAFEC7 /* FinanceManagement.xcdatamodel */;
			path = FinanceManagement.xcdatamodeld;
			sourceTree = "<group>";
			versionGroupType = wrapper.xcdatamodel;
		};
/* End XCVersionGroup section */
	};
	rootObject = 92BD0863299E3E2300BAFEC7 /* Project object */;
}
